uuid: d46b9354-64fd-4b4d-82e9-96d13ef42004
langcode: en
status: true
dependencies:
  module:
    - block_example
    - user
  theme:
    - bartik
id: update_cache_block
theme: bartik
region: sidebar_first
weight: -5
provider: null
plugin: tmp_update
settings:
  id: tmp_update
  label: 'Get time'
  label_display: visible
  provider: block_example
visibility:
  user_role:
    id: user_role
    negate: false
    context_mapping:
      user: '@user.current_user_context:current_user'
    roles:
      administrator: administrator
